
Microsoft Visual Studio Solution File, Format Version 12.00
# Visual Studio Version 17
VisualStudioVersion = 17.11.35327.3
MinimumVisualStudioVersion = 10.0.40219.1
Project("{8BC9CEB8-8B4A-11D0-8D11-00A0C91BC942}") = "SandBox", "SandBox\SandBox.vcxproj", "{CE4758B8-0B76-4D9F-8BCB-A20EF3C3099A}"
EndProject
Project("{8BC9CEB8-8B4A-11D0-8D11-00A0C91BC942}") = "Razor", "Razor\Razor.vcxproj", "{35E8B7EB-2EFC-49A1-96B8-EA4927FAE044}"
EndProject
Global
	GlobalSection(SolutionConfigurationPlatforms) = preSolution
		Debug|x64 = Debug|x64
		Release|x64 = Release|x64
	EndGlobalSection
	GlobalSection(ProjectConfigurationPlatforms) = postSolution
		{35E8B7EB-2EFC-49A1-96B8-EA4927FAE044}.Debug|x64.ActiveCfg = Debug|x64
		{35E8B7EB-2EFC-49A1-96B8-EA4927FAE044}.Debug|x64.Build.0 = Debug|x64
		{35E8B7EB-2EFC-49A1-96B8-EA4927FAE044}.Release|x64.ActiveCfg = Release|x64
		{35E8B7EB-2EFC-49A1-96B8-EA4927FAE044}.Release|x64.Build.0 = Release|x64
		{CE4758B8-0B76-4D9F-8BCB-A20EF3C3099A}.Debug|x64.ActiveCfg = Debug|x64
		{CE4758B8-0B76-4D9F-8BCB-A20EF3C3099A}.Debug|x64.Build.0 = Debug|x64
		{CE4758B8-0B76-4D9F-8BCB-A20EF3C3099A}.Release|x64.ActiveCfg = Release|x64
		{CE4758B8-0B76-4D9F-8BCB-A20EF3C3099A}.Release|x64.Build.0 = Release|x64
	EndGlobalSection
	GlobalSection(SolutionProperties) = preSolution
		HideSolutionNode = FALSE
	EndGlobalSection
	GlobalSection(ExtensibilityGlobals) = postSolution
		SolutionGuid = {0F13F599-F1D9-475D-A79B-73646FD6783C}
	EndGlobalSection
EndGlobal
